<?xml version="1.0" encoding="utf-8"?>
<Project ToolsVersion="4.0" xmlns="http://schemas.microsoft.com/developer/msbuild/2003">
  <ItemGroup>
    <Filter Include="win32">
      <UniqueIdentifier>{84a8ebd7-7cf0-47f6-b75e-d441df67da40}</UniqueIdentifier>
    </Filter>
    <Filter Include="Classes">
      <UniqueIdentifier>{bb6c862e-70e9-49d9-81b7-3829a6f50471}</UniqueIdentifier>
    </Filter>
    <Filter Include="Classes\binding-mruby">
      <UniqueIdentifier>{43d6842a-7d4f-4238-9d4a-e97dd8462ea8}</UniqueIdentifier>
    </Filter>
  </ItemGroup>
  <ItemGroup>
    <ClCompile Include="main.cpp">
      <Filter>win32</Filter>
    </ClCompile>
    <ClCompile Include="..\Classes\AppDelegate.cpp">
      <Filter>Classes</Filter>
    </ClCompile>
    <ClCompile Include="..\Classes\GamePad.cpp">
      <Filter>Classes</Filter>
    </ClCompile>
    <ClCompile Include="..\Classes\SceneMain.cpp">
      <Filter>Classes</Filter>
    </ClCompile>
    <ClCompile Include="..\Classes\StateLoading.cpp">
      <Filter>Classes</Filter>
    </ClCompile>
    <ClCompile Include="..\Classes\ThreadHandlerManager.cpp">
      <Filter>Classes</Filter>
    </ClCompile>
    <ClCompile Include="..\Classes\binding-mruby\audio-binding.cpp">
      <Filter>Classes\binding-mruby</Filter>
    </ClCompile>
    <ClCompile Include="..\Classes\binding-mruby\autotiles.cpp">
      <Filter>Classes\binding-mruby</Filter>
    </ClCompile>
    <ClCompile Include="..\Classes\binding-mruby\binding-util.cpp">
      <Filter>Classes\binding-mruby</Filter>
    </ClCompile>
    <ClCompile Include="..\Classes\binding-mruby\bitmap.cpp">
      <Filter>Classes\binding-mruby</Filter>
    </ClCompile>
    <ClCompile Include="..\Classes\binding-mruby\bitmap-binding.cpp">
      <Filter>Classes\binding-mruby</Filter>
    </ClCompile>
    <ClCompile Include="..\Classes\binding-mruby\disposable.cpp">
      <Filter>Classes\binding-mruby</Filter>
    </ClCompile>
    <ClCompile Include="..\Classes\binding-mruby\etc.cpp">
      <Filter>Classes\binding-mruby</Filter>
    </ClCompile>
    <ClCompile Include="..\Classes\binding-mruby\etc-binding.cpp">
      <Filter>Classes\binding-mruby</Filter>
    </ClCompile>
    <ClCompile Include="..\Classes\binding-mruby\file.cpp">
      <Filter>Classes\binding-mruby</Filter>
    </ClCompile>
    <ClCompile Include="..\Classes\binding-mruby\font.cpp">
      <Filter>Classes\binding-mruby</Filter>
    </ClCompile>
    <ClCompile Include="..\Classes\binding-mruby\font-binding.cpp">
      <Filter>Classes\binding-mruby</Filter>
    </ClCompile>
    <ClCompile Include="..\Classes\binding-mruby\graphics-binding.cpp">
      <Filter>Classes\binding-mruby</Filter>
    </ClCompile>
    <ClCompile Include="..\Classes\binding-mruby\input.cpp">
      <Filter>Classes\binding-mruby</Filter>
    </ClCompile>
    <ClCompile Include="..\Classes\binding-mruby\input-binding.cpp">
      <Filter>Classes\binding-mruby</Filter>
    </ClCompile>
    <ClCompile Include="..\Classes\binding-mruby\kernel.cpp">
      <Filter>Classes\binding-mruby</Filter>
    </ClCompile>
    <ClCompile Include="..\Classes\binding-mruby\marshal.cpp">
      <Filter>Classes\binding-mruby</Filter>
    </ClCompile>
    <ClCompile Include="..\Classes\binding-mruby\module_rpg.cpp">
      <Filter>Classes\binding-mruby</Filter>
    </ClCompile>
    <ClCompile Include="..\Classes\binding-mruby\plane.cpp">
      <Filter>Classes\binding-mruby</Filter>
    </ClCompile>
    <ClCompile Include="..\Classes\binding-mruby\plane-binding.cpp">
      <Filter>Classes\binding-mruby</Filter>
    </ClCompile>
    <ClCompile Include="..\Classes\binding-mruby\RubyEngine.cpp">
      <Filter>Classes\binding-mruby</Filter>
    </ClCompile>
    <ClCompile Include="..\Classes\binding-mruby\sprite.cpp">
      <Filter>Classes\binding-mruby</Filter>
    </ClCompile>
    <ClCompile Include="..\Classes\binding-mruby\sprite-binding.cpp">
      <Filter>Classes\binding-mruby</Filter>
    </ClCompile>
    <ClCompile Include="..\Classes\binding-mruby\table.cpp">
      <Filter>Classes\binding-mruby</Filter>
    </ClCompile>
    <ClCompile Include="..\Classes\binding-mruby\table-binding.cpp">
      <Filter>Classes\binding-mruby</Filter>
    </ClCompile>
    <ClCompile Include="..\Classes\binding-mruby\tilemap.cpp">
      <Filter>Classes\binding-mruby</Filter>
    </ClCompile>
    <ClCompile Include="..\Classes\binding-mruby\tilemap-binding.cpp">
      <Filter>Classes\binding-mruby</Filter>
    </ClCompile>
    <ClCompile Include="..\Classes\binding-mruby\time.cpp">
      <Filter>Classes\binding-mruby</Filter>
    </ClCompile>
    <ClCompile Include="..\Classes\binding-mruby\viewport.cpp">
      <Filter>Classes\binding-mruby</Filter>
    </ClCompile>
    <ClCompile Include="..\Classes\binding-mruby\viewport-binding.cpp">
      <Filter>Classes\binding-mruby</Filter>
    </ClCompile>
    <ClCompile Include="..\Classes\binding-mruby\window.cpp">
      <Filter>Classes\binding-mruby</Filter>
    </ClCompile>
    <ClCompile Include="..\Classes\binding-mruby\window-binding.cpp">
      <Filter>Classes\binding-mruby</Filter>
    </ClCompile>
    <ClCompile Include="..\Classes\AndroidInterface.cpp">
      <Filter>Classes</Filter>
    </ClCompile>
    <ClCompile Include="..\Classes\SceneGamelist.cpp">
      <Filter>Classes</Filter>
    </ClCompile>
  </ItemGroup>
  <ItemGroup>
    <ClInclude Include="main.h">
      <Filter>win32</Filter>
    </ClInclude>
    <ClInclude Include="..\Classes\AppDelegate.h">
      <Filter>Classes</Filter>
    </ClInclude>
    <ClInclude Include="..\Classes\GamePad.h">
      <Filter>Classes</Filter>
    </ClInclude>
    <ClInclude Include="..\Classes\SceneMain.h">
      <Filter>Classes</Filter>
    </ClInclude>
    <ClInclude Include="..\Classes\StateLoading.h">
      <Filter>Classes</Filter>
    </ClInclude>
    <ClInclude Include="..\Classes\ThreadHandlerManager.h">
      <Filter>Classes</Filter>
    </ClInclude>
    <ClInclude Include="..\Classes\binding-mruby\binding-types.h">
      <Filter>Classes\binding-mruby</Filter>
    </ClInclude>
    <ClInclude Include="..\Classes\binding-mruby\binding-util.h">
      <Filter>Classes\binding-mruby</Filter>
    </ClInclude>
    <ClInclude Include="..\Classes\binding-mruby\bitmap.h">
      <Filter>Classes\binding-mruby</Filter>
    </ClInclude>
    <ClInclude Include="..\Classes\binding-mruby\boost-hash.h">
      <Filter>Classes\binding-mruby</Filter>
    </ClInclude>
    <ClInclude Include="..\Classes\binding-mruby\disposable.h">
      <Filter>Classes\binding-mruby</Filter>
    </ClInclude>
    <ClInclude Include="..\Classes\binding-mruby\disposable-binding.h">
      <Filter>Classes\binding-mruby</Filter>
    </ClInclude>
    <ClInclude Include="..\Classes\binding-mruby\etc.h">
      <Filter>Classes\binding-mruby</Filter>
    </ClInclude>
    <ClInclude Include="..\Classes\binding-mruby\etc-internal.h">
      <Filter>Classes\binding-mruby</Filter>
    </ClInclude>
    <ClInclude Include="..\Classes\binding-mruby\exception.h">
      <Filter>Classes\binding-mruby</Filter>
    </ClInclude>
    <ClInclude Include="..\Classes\binding-mruby\file.h">
      <Filter>Classes\binding-mruby</Filter>
    </ClInclude>
    <ClInclude Include="..\Classes\binding-mruby\font.h">
      <Filter>Classes\binding-mruby</Filter>
    </ClInclude>
    <ClInclude Include="..\Classes\binding-mruby\input.h">
      <Filter>Classes\binding-mruby</Filter>
    </ClInclude>
    <ClInclude Include="..\Classes\binding-mruby\kernel.h">
      <Filter>Classes\binding-mruby</Filter>
    </ClInclude>
    <ClInclude Include="..\Classes\binding-mruby\marshal.h">
      <Filter>Classes\binding-mruby</Filter>
    </ClInclude>
    <ClInclude Include="..\Classes\binding-mruby\plane.h">
      <Filter>Classes\binding-mruby</Filter>
    </ClInclude>
    <ClInclude Include="..\Classes\binding-mruby\RubyEngine.h">
      <Filter>Classes\binding-mruby</Filter>
    </ClInclude>
    <ClInclude Include="..\Classes\binding-mruby\serializable.h">
      <Filter>Classes\binding-mruby</Filter>
    </ClInclude>
    <ClInclude Include="..\Classes\binding-mruby\serializable-binding.h">
      <Filter>Classes\binding-mruby</Filter>
    </ClInclude>
    <ClInclude Include="..\Classes\binding-mruby\serial-util.h">
      <Filter>Classes\binding-mruby</Filter>
    </ClInclude>
    <ClInclude Include="..\Classes\binding-mruby\sprite.h">
      <Filter>Classes\binding-mruby</Filter>
    </ClInclude>
    <ClInclude Include="..\Classes\binding-mruby\table.h">
      <Filter>Classes\binding-mruby</Filter>
    </ClInclude>
    <ClInclude Include="..\Classes\binding-mruby\tilemap.h">
      <Filter>Classes\binding-mruby</Filter>
    </ClInclude>
    <ClInclude Include="..\Classes\binding-mruby\util.h">
      <Filter>Classes\binding-mruby</Filter>
    </ClInclude>
    <ClInclude Include="..\Classes\binding-mruby\viewport.h">
      <Filter>Classes\binding-mruby</Filter>
    </ClInclude>
    <ClInclude Include="..\Classes\binding-mruby\window.h">
      <Filter>Classes\binding-mruby</Filter>
    </ClInclude>
    <ClInclude Include="..\Classes\AndroidInterface.h">
      <Filter>Classes</Filter>
    </ClInclude>
    <ClInclude Include="..\Classes\SceneGamelist.h">
      <Filter>Classes</Filter>
    </ClInclude>
  </ItemGroup>
</Project>